{
  "pins" : [
    {
      "identity" : "sygicauth",
      "kind" : "remoteSourceControl",
      "location" : "https://github.com/henrich-mauritz/SygicAuth.git",
      "state" : {
        "revision" : "1e62745bb9ebfd2bc1e91677fe1b2d360312980f",
        "version" : "1.3.1"
      }
    }
  ],
  "version" : 2
}
